<?xml version="1.0" encoding="utf-8"?>
<Project xmlns="http://schemas.microsoft.com/developer/msbuild/2003">
  <PropertyGroup>
    <ProjectGuid>{efc7470e-954a-4cd8-9e5f-7d79e34a0ac2}</ProjectGuid>
    <Configuration Condition=" '$(Configuration)' == '' ">Release</Configuration>
    <Platform Condition=" '$(Platform)' == '' ">AnyCPU</Platform>
    <DCC_DCCCompiler>DCC32</DCC_DCCCompiler>
    <DCC_DependencyCheckOutputName>..\..\..\..\_Release\Parser.exe</DCC_DependencyCheckOutputName>
    <MainSource>Parser.dpr</MainSource>
    <DCC_UsePackage>LMDP;BaseCore</DCC_UsePackage>
  </PropertyGroup>
  <PropertyGroup Condition=" '$(Configuration)|$(Platform)' == 'Release|AnyCPU' ">
    <Version>7.0</Version>
    <DCC_DebugInformation>False</DCC_DebugInformation>
    <DCC_LocalDebugSymbols>False</DCC_LocalDebugSymbols>
    <DCC_SymbolReferenceInfo>0</DCC_SymbolReferenceInfo>
    <DCC_Define>RELEASE;PORTUGUESE</DCC_Define>
    <DCC_ExeOutput>..\..\..\..\_Release</DCC_ExeOutput>
    <DCC_DcuOutput>..\Output\DCU\Release\Parser</DCC_DcuOutput>
    <DCC_ObjOutput>..\Output\DCU\Release\Parser</DCC_ObjOutput>
    <DCC_HppOutput>..\Output\DCU\Release\Parser</DCC_HppOutput>
    <DCC_UnitSearchPath>..\..\Output\DCP\Release</DCC_UnitSearchPath>
    <DCC_ResourcePath>..\..\Output\DCP\Release</DCC_ResourcePath>
    <DCC_ObjPath>..\..\Output\DCP\Release</DCC_ObjPath>
    <DCC_IncludePath>..\..\Output\DCP\Release</DCC_IncludePath>
    <DCC_AssertionsAtRuntime>False</DCC_AssertionsAtRuntime>
    <DCC_DcpOutput>..\Output\DCP\Release</DCC_DcpOutput>
    <DCC_Hints>False</DCC_Hints>
    <DCC_Warnings>False</DCC_Warnings>
  </PropertyGroup>
  <PropertyGroup Condition=" '$(Configuration)|$(Platform)' == 'Debug|AnyCPU' ">
    <Version>7.0</Version>
    <DCC_Define>DEBUG;PORTUGUESE</DCC_Define>
    <DCC_ExeOutput>..\..\..\..\_Debug</DCC_ExeOutput>
    <DCC_DcuOutput>..\Output\DCU\Debug\Parser</DCC_DcuOutput>
    <DCC_ObjOutput>..\Output\DCU\Debug\Parser</DCC_ObjOutput>
    <DCC_HppOutput>..\Output\DCU\Debug\Parser</DCC_HppOutput>
    <DCC_UnitSearchPath>..\..\Output\DCP\Debug</DCC_UnitSearchPath>
    <DCC_ResourcePath>..\..\Output\DCP\Debug</DCC_ResourcePath>
    <DCC_ObjPath>..\..\Output\DCP\Debug</DCC_ObjPath>
    <DCC_IncludePath>..\..\Output\DCP\Debug</DCC_IncludePath>
    <DCC_BplOutput>..\..\..\Application\Core\Debug</DCC_BplOutput>
    <DCC_DcpOutput>..\Output\DCP\Debug</DCC_DcpOutput>
    <DCC_Hints>False</DCC_Hints>
    <DCC_SymbolReferenceInfo>2</DCC_SymbolReferenceInfo>
    <DCC_Warnings>False</DCC_Warnings>
  </PropertyGroup>
  <ProjectExtensions>
    <Borland.Personality>Delphi.Personality</Borland.Personality>
    <Borland.ProjectType />
    <BorlandProject>
<BorlandProject><Delphi.Personality><Parameters><Parameters Name="UseLauncher">False</Parameters><Parameters Name="LoadAllSymbols">True</Parameters><Parameters Name="LoadUnspecifiedSymbols">False</Parameters><Parameters Name="RunParams">-p 5432 -U postgres -P postgres. -h 127.0.0.1 -f "D:\Projetos\Lorencini\Develop\Procedures\Workspace\Functions\Sistema\sys_cep.spg" -db lorencini</Parameters></Parameters><VersionInfo><VersionInfo Name="IncludeVerInfo">True</VersionInfo><VersionInfo Name="AutoIncBuild">True</VersionInfo><VersionInfo Name="MajorVer">20</VersionInfo><VersionInfo Name="MinorVer">3</VersionInfo><VersionInfo Name="Release">1</VersionInfo><VersionInfo Name="Build">55</VersionInfo><VersionInfo Name="Debug">False</VersionInfo><VersionInfo Name="PreRelease">False</VersionInfo><VersionInfo Name="Special">False</VersionInfo><VersionInfo Name="Private">False</VersionInfo><VersionInfo Name="DLL">False</VersionInfo><VersionInfo Name="Locale">1046</VersionInfo><VersionInfo Name="CodePage">1252</VersionInfo></VersionInfo><VersionInfoKeys><VersionInfoKeys Name="CompanyName"></VersionInfoKeys><VersionInfoKeys Name="FileDescription"></VersionInfoKeys><VersionInfoKeys Name="FileVersion">20.3.1.55</VersionInfoKeys><VersionInfoKeys Name="InternalName"></VersionInfoKeys><VersionInfoKeys Name="LegalCopyright"></VersionInfoKeys><VersionInfoKeys Name="LegalTrademarks"></VersionInfoKeys><VersionInfoKeys Name="OriginalFilename"></VersionInfoKeys><VersionInfoKeys Name="ProductName"></VersionInfoKeys><VersionInfoKeys Name="ProductVersion">1.0.0.0</VersionInfoKeys><VersionInfoKeys Name="Comments"></VersionInfoKeys></VersionInfoKeys><Source><Source Name="MainSource">Parser.dpr</Source></Source></Delphi.Personality></BorlandProject></BorlandProject>
  </ProjectExtensions>
  <Import Project="$(MSBuildBinPath)\Borland.Delphi.Targets" />
  <ItemGroup>
    <DelphiCompile Include="Parser.dpr">
      <MainSource>MainSource</MainSource>
    </DelphiCompile>
    <DCCReference Include="..\..\Sources\Common\uHelpers.pas" />
    <DCCReference Include="..\..\Sources\Common\uIForm.pas">
      <Form>IForm</Form>
    </DCCReference>
    <DCCReference Include="..\..\Sources\parser\umain.pas">
      <Form>Main</Form>
    </DCCReference>
  </ItemGroup>
</Project>