<?xml version="1.0" encoding="utf-8"?>
<Project xmlns="http://schemas.microsoft.com/developer/msbuild/2003">
  <PropertyGroup>
    <ProjectGuid>{a850dcfe-362a-47de-ae96-296c36d9505f}</ProjectGuid>
    <Configuration Condition=" '$(Configuration)' == '' ">Debug</Configuration>
    <Platform Condition=" '$(Platform)' == '' ">AnyCPU</Platform>
    <DCC_DCCCompiler>DCC32</DCC_DCCCompiler>
    <DCC_DependencyCheckOutputName>..\..\..\..\..\BinDev\MMonitor.exe</DCC_DependencyCheckOutputName>
    <MainSource>MMonitor.dpr</MainSource>
    <DCC_UsePackage>LMDP;BaseCore</DCC_UsePackage>
  </PropertyGroup>
  <PropertyGroup Condition=" '$(Configuration)|$(Platform)' == 'Release|AnyCPU' ">
    <Version>7.0</Version>
    <DCC_DebugInformation>False</DCC_DebugInformation>
    <DCC_LocalDebugSymbols>False</DCC_LocalDebugSymbols>
    <DCC_SymbolReferenceInfo>0</DCC_SymbolReferenceInfo>
    <DCC_Define>RELEASE;PORTUGUESE</DCC_Define>
    <DCC_ExeOutput>..\..\..\..\..\Bin</DCC_ExeOutput>
    <DCC_DcuOutput>..\..\Output\dcu\Release\Monitor</DCC_DcuOutput>
    <DCC_ObjOutput>..\..\Output\dcu\Release\Monitor</DCC_ObjOutput>
    <DCC_HppOutput>..\..\Output\dcu\Release\Monitor</DCC_HppOutput>
    <DCC_DcpOutput>..\..\Output\DCP\Release</DCC_DcpOutput>
    <DCC_UnitSearchPath>..\..\Output\DCP\Release</DCC_UnitSearchPath>
    <DCC_ResourcePath>..\..\Output\DCP\Release</DCC_ResourcePath>
    <DCC_ObjPath>..\..\Output\DCP\Release</DCC_ObjPath>
    <DCC_IncludePath>..\..\Output\DCP\Release</DCC_IncludePath>
  </PropertyGroup>
  <PropertyGroup Condition=" '$(Configuration)|$(Platform)' == 'Debug|AnyCPU' ">
    <Version>7.0</Version>
    <DCC_Define>DEBUG;PORTUGUESE</DCC_Define>
    <DCC_ExeOutput>..\..\..\..\..\BinDev</DCC_ExeOutput>
    <DCC_DcuOutput>..\..\Output\DCU\Debug\Monitor</DCC_DcuOutput>
    <DCC_ObjOutput>..\..\Output\DCU\Debug\Monitor</DCC_ObjOutput>
    <DCC_HppOutput>..\..\Output\DCU\Debug\Monitor</DCC_HppOutput>
    <DCC_DcpOutput>..\..\Output\DCP\Debug</DCC_DcpOutput>
    <DCC_UnitSearchPath>..\..\Output\DCP\Debug</DCC_UnitSearchPath>
    <DCC_ResourcePath>..\..\Output\DCP\Debug</DCC_ResourcePath>
    <DCC_ObjPath>..\..\Output\DCP\Debug</DCC_ObjPath>
    <DCC_IncludePath>..\..\Output\DCP\Debug</DCC_IncludePath>
  </PropertyGroup>
  <ProjectExtensions>
    <Borland.Personality>Delphi.Personality</Borland.Personality>
    <Borland.ProjectType />
    <BorlandProject>
<BorlandProject><Delphi.Personality><Parameters><Parameters Name="UseLauncher">False</Parameters><Parameters Name="LoadAllSymbols">True</Parameters><Parameters Name="LoadUnspecifiedSymbols">False</Parameters></Parameters><VersionInfo><VersionInfo Name="IncludeVerInfo">True</VersionInfo><VersionInfo Name="AutoIncBuild">True</VersionInfo><VersionInfo Name="MajorVer">19</VersionInfo><VersionInfo Name="MinorVer">10</VersionInfo><VersionInfo Name="Release">1</VersionInfo><VersionInfo Name="Build">40</VersionInfo><VersionInfo Name="Debug">False</VersionInfo><VersionInfo Name="PreRelease">False</VersionInfo><VersionInfo Name="Special">False</VersionInfo><VersionInfo Name="Private">False</VersionInfo><VersionInfo Name="DLL">False</VersionInfo><VersionInfo Name="Locale">1046</VersionInfo><VersionInfo Name="CodePage">1252</VersionInfo></VersionInfo><VersionInfoKeys><VersionInfoKeys Name="CompanyName">Lorencini Brasil</VersionInfoKeys><VersionInfoKeys Name="FileDescription"></VersionInfoKeys><VersionInfoKeys Name="FileVersion">19.10.1.40</VersionInfoKeys><VersionInfoKeys Name="InternalName"></VersionInfoKeys><VersionInfoKeys Name="LegalCopyright"></VersionInfoKeys><VersionInfoKeys Name="LegalTrademarks"></VersionInfoKeys><VersionInfoKeys Name="OriginalFilename"></VersionInfoKeys><VersionInfoKeys Name="ProductName">Manager Monitor</VersionInfoKeys><VersionInfoKeys Name="ProductVersion">1.0.0.0</VersionInfoKeys><VersionInfoKeys Name="Comments"></VersionInfoKeys></VersionInfoKeys><Source><Source Name="MainSource">MMonitor.dpr</Source></Source></Delphi.Personality></BorlandProject></BorlandProject>
  </ProjectExtensions>
  <Import Project="$(MSBuildBinPath)\Borland.Delphi.Targets" />
  <ItemGroup>
    <DelphiCompile Include="MMonitor.dpr">
      <MainSource>MainSource</MainSource>
    </DelphiCompile>
    <DCCReference Include="..\..\Sources\Common\uFrameData.pas">
      <Form>FrameData</Form>
      <DesignClass>TFrame</DesignClass>
    </DCCReference>
    <DCCReference Include="..\..\Sources\Common\uHelpers.pas" />
    <DCCReference Include="..\..\Sources\Common\uIConnection.pas">
      <Form>IConnection</Form>
    </DCCReference>
    <DCCReference Include="..\..\Sources\Common\uIForm.pas">
      <Form>IForm</Form>
    </DCCReference>
    <DCCReference Include="..\..\Sources\Common\uIUtils.pas" />
    <DCCReference Include="..\..\Sources\Common\uIWizard.pas">
      <Form>IWizard</Form>
    </DCCReference>
    <DCCReference Include="..\..\Sources\Common\uResources.pas">
      <Form>Resources</Form>
      <DesignClass>TDataModule</DesignClass>
    </DCCReference>
    <DCCReference Include="..\..\Sources\Core\Class\uDBLog.pas" />
    <DCCReference Include="..\..\Sources\Core\infra\uDM.pas">
      <Form>DM</Form>
      <DesignClass>TDataModule</DesignClass>
    </DCCReference>
    <DCCReference Include="..\..\Sources\Manager\Class\uDBLog.pas" />
    <DCCReference Include="..\..\Sources\manager\infra\uDM.pas">
      <DesignClass>TDataModule</DesignClass>
      <Form>DM</Form>
    </DCCReference>
    <DCCReference Include="..\..\Sources\MMonitor\Remessa.pas" />
    <DCCReference Include="..\..\Sources\MMonitor\uFPainel.pas">
      <Form>FPainel</Form>
    </DCCReference>
    <DCCReference Include="..\..\Sources\MMonitor\uMain.pas">
      <Form>Main</Form>
    </DCCReference>
    <DCCReference Include="..\..\Sources\Packages\CCore\CCore.pas" />
  </ItemGroup>
</Project>